
Microsoft Visual Studio Solution File, Format Version 12.00
# Visual Studio Version 17
VisualStudioVersion = 17.2.32519.379
MinimumVisualStudioVersion = 10.0.40219.1
Project("{FAE04EC0-301F-11D3-BF4B-00C04F79EFBC}") = "ProjetoFatima", "ProjetoFatima\ProjetoFatima.csproj", "{7ED24EB4-A320-4446-ACC7-5C4479E99F9C}"
EndProject
Global
	GlobalSection(SolutionConfigurationPlatforms) = preSolution
		Debug|Any CPU = Debug|Any CPU
		Release|Any CPU = Release|Any CPU
	EndGlobalSection
	GlobalSection(ProjectConfigurationPlatforms) = postSolution
		{7ED24EB4-A320-4446-ACC7-5C4479E99F9C}.Debug|Any CPU.ActiveCfg = Debug|Any CPU
		{7ED24EB4-A320-4446-ACC7-5C4479E99F9C}.Debug|Any CPU.Build.0 = Debug|Any CPU
		{7ED24EB4-A320-4446-ACC7-5C4479E99F9C}.Release|Any CPU.ActiveCfg = Release|Any CPU
		{7ED24EB4-A320-4446-ACC7-5C4479E99F9C}.Release|Any CPU.Build.0 = Release|Any CPU
	EndGlobalSection
	GlobalSection(SolutionProperties) = preSolution
		HideSolutionNode = FALSE
	EndGlobalSection
	GlobalSection(ExtensibilityGlobals) = postSolution
		SolutionGuid = {51BA03A7-E3AD-4DBE-963D-1987284ABA4F}
	EndGlobalSection
EndGlobal
